{"SurveyEntry":{"SurveyID":"SV_8HB7ikQtc2tJWVU","SurveyName":"PSG SD Short","SurveyDescription":null,"SurveyOwnerID":"UR_bdBvdtc5tnJIXVs","SurveyBrandID":"georgetown","DivisionID":null,"SurveyLanguage":"EN","SurveyActiveResponseSet":"RS_cHj9PTSn1UcnxX0","SurveyStatus":"Active","SurveyStartDate":"0000-00-00 00:00:00","SurveyExpirationDate":"0000-00-00 00:00:00","SurveyCreationDate":"2026-03-25 13:03:59","CreatorID":"UR_bdBvdtc5tnJIXVs","LastModified":"2026-04-21 12:38:35","LastAccessed":"0000-00-00 00:00:00","LastActivated":"2026-03-25 13:35:32","Deleted":null},"SurveyElements":[{"SurveyID":"SV_8HB7ikQtc2tJWVU","Element":"BL","PrimaryAttribute":"Survey Blocks","SecondaryAttribute":null,"TertiaryAttribute":null,"Payload":{"1":{"Type":"Trash","Description":"Trash \/ Unused Questions","ID":"BL_6VGrQ5BD2sCquW2","BlockElements":[{"Type":"Question","QuestionID":"QID1"},{"Type":"Question","QuestionID":"QID1220041682"}]},"2":{"Type":"Standard","SubType":"","Description":"SD SF instr and names","ID":"BL_0PoxeGG54R9Vabs","BlockElements":[{"Type":"Question","QuestionID":"QID10"},{"Type":"Question","QuestionID":"QID1220041677"},{"Type":"Question","QuestionID":"QID1220041678"},{"Type":"Page Break"},{"Type":"Question","QuestionID":"QID1220041679"},{"Type":"Question","QuestionID":"QID1220041680"},{"Type":"Page Break"},{"Type":"Question","QuestionID":"QID1220041681"}],"Options":{"BlockLocking":false,"RandomizeQuestions":"false","BlockVisibility":"Collapsed"}},"4":{"Type":"Standard","SubType":"","Description":"SD short","ID":"BL_dnemQYjhQIqJVem","Options":{"BlockLocking":false,"RandomizeQuestions":"false","BlockVisibility":"Expanded","Looping":"Static","LoopingOptions":{"Static":{"1":{"1":"${q:\/\/QID1220041677\/ChoiceTextEntryValue\/1}"},"2":{"1":"${q:\/\/QID1220041677\/ChoiceTextEntryValue\/2}"},"3":{"1":"${q:\/\/QID1220041677\/ChoiceTextEntryValue\/3}"},"4":{"1":"${q:\/\/QID1220041677\/ChoiceTextEntryValue\/4}"},"5":{"1":"${q:\/\/QID1220041677\/ChoiceTextEntryValue\/5}"},"6":{"1":"${q:\/\/QID1220041677\/ChoiceTextEntryValue\/6}"},"7":{"1":"a stranger"}},"Randomization":"None"}},"BlockElements":[{"Type":"Question","QuestionID":"QID1220041683"},{"Type":"Question","QuestionID":"QID1220041684"}]}}},{"SurveyID":"SV_8HB7ikQtc2tJWVU","Element":"FL","PrimaryAttribute":"Survey Flow","SecondaryAttribute":null,"TertiaryAttribute":null,"Payload":{"Type":"Root","FlowID":"FL_1","Flow":[{"Type":"EmbeddedData","FlowID":"FL_6","EmbeddedData":[{"Description":"subnum","Type":"Custom","Field":"subnum","VariableType":"String","DataVisibility":[],"AnalyzeText":false,"Value":"${rand:\/\/int\/1000:9999}"}]},{"Type":"Standard","ID":"BL_0PoxeGG54R9Vabs","FlowID":"FL_3","Autofill":[]},{"Type":"Standard","ID":"BL_dnemQYjhQIqJVem","FlowID":"FL_5","Autofill":[]}],"Properties":{"Count":6}}},{"SurveyID":"SV_8HB7ikQtc2tJWVU","Element":"PL","PrimaryAttribute":"Preview Link","SecondaryAttribute":null,"TertiaryAttribute":null,"Payload":{"PreviewType":"Brand","PreviewID":"4f17def2-ecd3-4b8c-b8d1-7f77a97832ae"}},{"SurveyID":"SV_8HB7ikQtc2tJWVU","Element":"PROJ","PrimaryAttribute":"CORE","SecondaryAttribute":null,"TertiaryAttribute":"1.1.0","Payload":{"ProjectCategory":"CORE","SchemaVersion":"1.1.0"}},{"SurveyID":"SV_8HB7ikQtc2tJWVU","Element":"QC","PrimaryAttribute":"Survey Question Count","SecondaryAttribute":"10","TertiaryAttribute":null,"Payload":null},{"SurveyID":"SV_8HB7ikQtc2tJWVU","Element":"RS","PrimaryAttribute":"RS_cHj9PTSn1UcnxX0","SecondaryAttribute":"Default Response Set","TertiaryAttribute":null,"Payload":null},{"SurveyID":"SV_8HB7ikQtc2tJWVU","Element":"SCO","PrimaryAttribute":"Scoring","SecondaryAttribute":null,"TertiaryAttribute":null,"Payload":{"ScoringCategories":[],"ScoringCategoryGroups":[],"ScoringSummaryCategory":null,"ScoringSummaryAfterQuestions":0,"ScoringSummaryAfterSurvey":0,"DefaultScoringCategory":null,"AutoScoringCategory":null}},{"SurveyID":"SV_8HB7ikQtc2tJWVU","Element":"SO","PrimaryAttribute":"Survey Options","SecondaryAttribute":null,"TertiaryAttribute":null,"Payload":{"BackButton":"false","SaveAndContinue":"true","SurveyProtection":"PublicSurvey","BallotBoxStuffingPrevention":"false","NoIndex":"Yes","SecureResponseFiles":"true","SurveyExpiration":"None","SurveyTermination":"DefaultMessage","Header":"","Footer":"","ProgressBarDisplay":"None","PartialData":"+1 week","ValidationMessage":"","PreviousButton":"","NextButton":"","SurveyTitle":"Qualtrics Survey | Qualtrics Experience Management","SkinLibrary":"georgetown","SkinType":"templated","Skin":{"brandingId":"199430495","templateId":"*base","overrides":null},"NewScoring":1,"SurveyMetaDescription":"The most powerful, simple and trusted way to gather experience data. Start your journey to experience management and try a free account today."}},{"SurveyID":"SV_8HB7ikQtc2tJWVU","Element":"SQ","PrimaryAttribute":"QID1","SecondaryAttribute":"Click to write the question text","TertiaryAttribute":null,"Payload":{"QuestionText":"Click to write the question text","DataExportTag":"Q1","QuestionType":"MC","Selector":"SAVR","SubSelector":"TX","DataVisibility":{"Private":false,"Hidden":false},"Configuration":{"QuestionDescriptionOption":"UseText"},"QuestionDescription":"Click to write the question text","Choices":{"1":{"Display":"Click to write Choice 1"},"2":{"Display":"Click to write Choice 2"},"3":{"Display":"Click to write Choice 3"}},"ChoiceOrder":["1","2","3"],"Validation":{"Settings":{"ForceResponse":"OFF","Type":"None"}},"Language":[],"NextChoiceId":4,"NextAnswerId":1,"QuestionID":"QID1"}},{"SurveyID":"SV_8HB7ikQtc2tJWVU","Element":"SQ","PrimaryAttribute":"QID10","SecondaryAttribute":"The following task asks you to imagine that you have made a list of the 100 people closest to you...","TertiaryAttribute":null,"Payload":{"QuestionText":"<div style=\"text-align: center;\">The following task asks you to imagine that you have made a list of the 100 people closest to you in the world ranging from your dearest friend or relative at position #1 to a mere acquaintance or stranger at #100.<br \/>\n<br \/>\nThe person at #1 would be someone you know well and is your closest friend or relative. The person at #100 might be someone you recognize and encounter but perhaps you may not even know their name.<br \/>\n<br \/>\n&nbsp;<\/div>","DefaultChoices":false,"DataExportTag":"instr1","QuestionType":"DB","Selector":"TB","DataVisibility":{"Private":false,"Hidden":false},"Configuration":{"QuestionDescriptionOption":"UseText"},"QuestionDescription":"The following task asks you to imagine that you have made a list of the 100 people closest to you...","ChoiceOrder":[],"Validation":{"Settings":{"Type":"None"}},"GradingData":[],"Language":[],"NextChoiceId":4,"NextAnswerId":1,"QuestionID":"QID10"}},{"SurveyID":"SV_8HB7ikQtc2tJWVU","Element":"SQ","PrimaryAttribute":"QID1220041677","SecondaryAttribute":"Please indicate the name and your relationship to the person for each individual on the list. You...","TertiaryAttribute":null,"Payload":{"QuestionText":"<div style=\"text-align: center;\">Please indicate the name and your relationship to the person for each individual on the list. You do not have to provide a name for Person #100, as this represents an acquaintance or stranger whose name you may not know.<\/div>\n\n<div>&nbsp;<\/div>\n\n<div><b>Please enter names below:<\/b><\/div>","DefaultChoices":false,"QuestionType":"TE","Selector":"FORM","DataVisibility":{"Private":false,"Hidden":false},"Configuration":{"QuestionDescriptionOption":"UseText"},"QuestionDescription":"Please indicate the name and your relationship to the person for each individual on the list. You...","Choices":{"1":{"Display":"Name #1","TextEntry":"on","InputHeight":28,"InputWidth":300},"2":{"Display":"Name #2","TextEntry":"on","InputHeight":28,"InputWidth":300},"3":{"Display":"Name #5","TextEntry":"on","InputHeight":28,"InputWidth":298},"4":{"Display":"Name #10","TextEntry":"on","InputHeight":28,"InputWidth":297},"5":{"Display":"Name #20","TextEntry":"on","InputHeight":28,"InputWidth":300},"6":{"Display":"Name #50","TextEntry":"on","InputHeight":28,"InputWidth":300},"8":{"Display":"Relationship with #1"},"9":{"Display":"Relationship with #2"},"10":{"Display":"Relationship with #5"},"11":{"Display":"Relationship with #10"},"12":{"Display":"Relationship with #20"},"13":{"Display":"Relationship with #50"}},"ChoiceOrder":["1","8","2","9","3","10","4","11","5","12","6","13"],"Validation":{"Settings":{"ForceResponse":"RequestResponse","ForceResponseType":"RequestResponse","Type":"None"}},"GradingData":[],"Language":[],"NextChoiceId":14,"NextAnswerId":1,"SearchSource":{"AllowFreeResponse":"false"},"QuestionText_Unsafe":"<div><div><span style=\"font-weight: bolder;\">Please read the following instructions.<\/span><\/div><div>&nbsp;<\/div><div>The following task asks you to imagine that you have made a list of the 100 people closest to you in the world. The person at #1 would be someone you know well and is your closest friend or relative. The person at #100 might be someone you recognize and encounter but perhaps you may not even know their name.&nbsp;<\/div><div><b><br><\/b><\/div><div><b>Please enter names below:<\/b><\/div><\/div>","DataExportTag":"names","QuestionID":"QID1220041677"}},{"SurveyID":"SV_8HB7ikQtc2tJWVU","Element":"SQ","PrimaryAttribute":"QID1220041678","SecondaryAttribute":"Timing","TertiaryAttribute":null,"Payload":{"QuestionText":"Timing","DefaultChoices":false,"QuestionType":"Timing","Selector":"PageTimer","DataVisibility":{"Private":false,"Hidden":false},"Configuration":{"QuestionDescriptionOption":"UseText","MinSeconds":3,"MaxSeconds":"0"},"QuestionDescription":"Timing","Choices":{"1":{"Display":"First Click"},"2":{"Display":"Last Click"},"3":{"Display":"Page Submit"},"4":{"Display":"Click Count"}},"GradingData":[],"Language":[],"NextChoiceId":44,"NextAnswerId":1,"QuestionText_Unsafe":"Timing","DataExportTag":"names_T","QuestionID":"QID1220041678"}},{"SurveyID":"SV_8HB7ikQtc2tJWVU","Element":"SQ","PrimaryAttribute":"QID1220041679","SecondaryAttribute":"To review, here is who you have put in your list: n=1\u00a0 \u00a0 \u00a0...","TertiaryAttribute":null,"Payload":{"ChoiceOrder":["6"],"Choices":{"6":{"Display":"I understand"}},"Configuration":{"QuestionDescriptionOption":"UseText"},"DataVisibility":{"Hidden":false,"Private":false},"DefaultChoices":false,"GradingData":[],"Language":[],"NextAnswerId":1,"NextChoiceId":7,"QuestionDescription":"To review, here is who you have put in your list: n=1\u00a0 \u00a0 \u00a0...","QuestionText":"<b style=\"\">To review, here is who you have put in your list:<\/b><br>\n<br>\nn=1&nbsp; &nbsp; &nbsp;${q:\/\/QID1220041677\/ChoiceTextEntryValue\/1}<br>\nn=2&nbsp; &nbsp; &nbsp;${q:\/\/QID1220041677\/ChoiceTextEntryValue\/2}<br>\nn=5&nbsp; &nbsp; &nbsp;${q:\/\/QID1220041677\/ChoiceTextEntryValue\/3}<br>\nn=10&nbsp; &nbsp;${q:\/\/QID1220041677\/ChoiceTextEntryValue\/4}<br>\nn=20&nbsp; &nbsp;${q:\/\/QID1220041677\/ChoiceTextEntryValue\/5}<br>\nn=50&nbsp; &nbsp;${q:\/\/QID1220041677\/ChoiceTextEntryValue\/6}<br>\nn=100&nbsp;A stranger","QuestionText_Unsafe":"<b style=\"\">To review, here is who you have put in your list:<\/b><br>\n<br>\nn=1&nbsp; &nbsp; &nbsp;${q:\/\/QID1220041677\/ChoiceTextEntryValue\/1}<br>\nn=2&nbsp; &nbsp; &nbsp;${q:\/\/QID1220041677\/ChoiceTextEntryValue\/2}<br>\nn=5&nbsp; &nbsp; &nbsp;${q:\/\/QID1220041677\/ChoiceTextEntryValue\/3}<br>\nn=10&nbsp; &nbsp;${q:\/\/QID1220041677\/ChoiceTextEntryValue\/4}<br>\nn=20&nbsp; &nbsp;${q:\/\/QID1220041677\/ChoiceTextEntryValue\/5}<br>\nn=50&nbsp; &nbsp;${q:\/\/QID1220041677\/ChoiceTextEntryValue\/6}<br>\nn=100&nbsp;A stranger","QuestionType":"MC","RecodeValues":{"6":"1"},"Selector":"SAVR","SubSelector":"TX","Validation":{"Settings":{"ForceResponse":"ON","ForceResponseType":"ON","Type":"None"}},"DataExportTag":"names_review","QuestionID":"QID1220041679"}},{"SurveyID":"SV_8HB7ikQtc2tJWVU","Element":"SQ","PrimaryAttribute":"QID1220041680","SecondaryAttribute":"Timing","TertiaryAttribute":null,"Payload":{"QuestionText":"Timing","DefaultChoices":false,"QuestionType":"Timing","Selector":"PageTimer","DataVisibility":{"Private":false,"Hidden":false},"Configuration":{"QuestionDescriptionOption":"UseText","MinSeconds":3,"MaxSeconds":"0"},"QuestionDescription":"Timing","Choices":{"1":{"Display":"First Click"},"2":{"Display":"Last Click"},"3":{"Display":"Page Submit"},"4":{"Display":"Click Count"}},"GradingData":[],"Language":[],"NextChoiceId":44,"NextAnswerId":1,"QuestionText_Unsafe":"Timing","DataExportTag":"names_review_T","QuestionID":"QID1220041680"}},{"SurveyID":"SV_8HB7ikQtc2tJWVU","Element":"SQ","PrimaryAttribute":"QID1220041681","SecondaryAttribute":"You will be asked to make a series of decisions regarding how much money you might offer another...","TertiaryAttribute":null,"Payload":{"QuestionText":"<div style=\"text-align: center;\">You will be asked to make a series of decisions regarding how much money you might offer another person under various situations that will be explained shortly. There are no correct or incorrect answers, and the money is hypothetical &ndash; that is, no one will receive the actual money. Nonetheless, we want you to make your decisions as if the amounts and situations were real.<\/div>","DefaultChoices":false,"QuestionType":"DB","Selector":"TB","Configuration":{"QuestionDescriptionOption":"UseText"},"QuestionDescription":"You will be asked to make a series of decisions regarding how much money you might offer another...","ChoiceOrder":[],"Validation":{"Settings":{"Type":"None"}},"GradingData":[],"Language":[],"NextChoiceId":4,"NextAnswerId":1,"DataVisibility":{"Private":false,"Hidden":false},"QuestionText_Unsafe":"You will be asked to make a series of decisions regarding how much money you might offer another person under various situations that will be explained shortly. There are no correct or incorrect answers, and the money is hypothetical \u2013 that is, no one will receive the actual money. Nonetheless, we want you to make your decisions as if the amounts and situations were real.","DataExportTag":"instr2","QuestionID":"QID1220041681"}},{"SurveyID":"SV_8HB7ikQtc2tJWVU","Element":"SQ","PrimaryAttribute":"QID1220041682","SecondaryAttribute":"Timing","TertiaryAttribute":null,"Payload":{"QuestionText":"Timing","DefaultChoices":false,"QuestionType":"Timing","Selector":"PageTimer","Configuration":{"QuestionDescriptionOption":"UseText","MinSeconds":3,"MaxSeconds":"0"},"QuestionDescription":"Timing","Choices":{"1":{"Display":"First Click"},"2":{"Display":"Last Click"},"3":{"Display":"Page Submit"},"4":{"Display":"Click Count"}},"GradingData":[],"Language":[],"NextChoiceId":40,"NextAnswerId":1,"QuestionText_Unsafe":"Timing","DataVisibility":{"Private":false,"Hidden":false},"DataExportTag":"Q2","QuestionID":"QID1220041682"}},{"SurveyID":"SV_8HB7ikQtc2tJWVU","Element":"SQ","PrimaryAttribute":"QID1220041683","SecondaryAttribute":"Imagine you have been given ten dollars. You are to divide the $10 between yourself and ...","TertiaryAttribute":null,"Payload":{"QuestionText":"Imagine you have been given ten dollars. You are to divide the $10 between yourself and <b>${lm:\/\/Field\/1}<\/b>. You are free to give as much or as little of the amount of money as you wish, and you will receive what is left. Please allocate the amount you wish to offer <b>${lm:\/\/Field\/1}<\/b>.","DefaultChoices":false,"QuestionType":"MC","Selector":"SAVR","SubSelector":"TX","Configuration":{"QuestionDescriptionOption":"UseText","LabelPosition":"BELOW"},"QuestionDescription":"Imagine you have been given ten dollars. You are to divide the $10 between yourself and ...","Choices":{"1":{"Display":"$10 for you<br \/>$0 for ${lm:\/\/Field\/1}"},"5":{"Display":"$8 for you<br \/>$2 for ${lm:\/\/Field\/1}"},"6":{"Display":"$7 for you<br \/>$3 for ${lm:\/\/Field\/1}"},"7":{"Display":"$6 for you<br \/>$4 for ${lm:\/\/Field\/1}"},"8":{"Display":"$5 for you<br \/>$5 for ${lm:\/\/Field\/1}"},"9":{"Display":"$4 for you<br \/>$6 for ${lm:\/\/Field\/1}"},"10":{"Display":"$3 for you<br \/>$7 for ${lm:\/\/Field\/1}"},"11":{"Display":"$2 for you<br \/>$8 for ${lm:\/\/Field\/1}"},"12":{"Display":"$1 for you<br \/>$9 for ${lm:\/\/Field\/1}"},"13":{"Display":"$0 for you<br \/>$10 for ${lm:\/\/Field\/1}"},"14":{"Display":"$9 for you<br \/>$1 for ${lm:\/\/Field\/1}"}},"ChoiceOrder":["1","14","5","6","7","8","9","10","11","12","13"],"Validation":{"Settings":{"ForceResponse":"RequestResponse","ForceResponseType":"RequestResponse","Type":"None"}},"GradingData":[],"Language":[],"NextChoiceId":26,"NextAnswerId":1,"DataVisibility":{"Private":false,"Hidden":false},"RecodeValues":{"1":"0","5":"2","6":"3","7":"4","8":"5","9":"6","10":"7","11":"8","12":"9","13":"10","14":"1"},"QuestionText_Unsafe":"Imagine you have been given ten dollars. You are to divide the $10 between yourself and <b>${lm:\/\/Field\/1}<\/b>. You are free to give as much or as little of the amount of money as you wish, and you will receive what is left. Please allocate the amount you wish to offer <b>${lm:\/\/Field\/1}<\/b>.","DataExportTag":"SDshort_decision","QuestionID":"QID1220041683"}},{"SurveyID":"SV_8HB7ikQtc2tJWVU","Element":"SQ","PrimaryAttribute":"QID1220041684","SecondaryAttribute":"Timing","TertiaryAttribute":null,"Payload":{"QuestionText":"Timing","DefaultChoices":false,"QuestionType":"Timing","Selector":"PageTimer","DataVisibility":{"Private":false,"Hidden":false},"Configuration":{"QuestionDescriptionOption":"UseText","MinSeconds":3,"MaxSeconds":"0"},"QuestionDescription":"Timing","Choices":{"1":{"Display":"First Click"},"2":{"Display":"Last Click"},"3":{"Display":"Page Submit"},"4":{"Display":"Click Count"}},"GradingData":[],"Language":[],"NextChoiceId":44,"NextAnswerId":1,"QuestionText_Unsafe":"Timing","DataExportTag":"SDshort_decision_T","QuestionID":"QID1220041684"}},{"SurveyID":"SV_8HB7ikQtc2tJWVU","Element":"STAT","PrimaryAttribute":"Survey Statistics","SecondaryAttribute":null,"TertiaryAttribute":null,"Payload":{"MobileCompatible":true,"ID":"Survey Statistics"}}]}